
Microsoft Visual Studio Solution File, Format Version 12.00
# Visual Studio 2012
Project("{FAE04EC0-301F-11D3-BF4B-00C04F79EFBC}") = "01_RandomDivs", "ManipulatingTheDom\01_RandomDivs.csproj", "{80D44D35-FF81-44C2-9479-13BFDB00911D}"
EndProject
Project("{FAE04EC0-301F-11D3-BF4B-00C04F79EFBC}") = "02_CircleDivs", "02_CircleDivs\02_CircleDivs.csproj", "{1AF059F3-8466-4CD4-82B8-89D8DAF65E3B}"
EndProject
Project("{FAE04EC0-301F-11D3-BF4B-00C04F79EFBC}") = "04_TextAreaInputs", "04_TextAreaInputs\04_TextAreaInputs.csproj", "{9ABD09AB-816A-42BD-830B-052E9168C811}"
EndProject
Project("{FAE04EC0-301F-11D3-BF4B-00C04F79EFBC}") = "05_WordCloud", "05_WordCloud\05_WordCloud.csproj", "{39B964B8-6FB8-474E-9925-82EE0B60C34E}"
EndProject
Global
	GlobalSection(SolutionConfigurationPlatforms) = preSolution
		Debug|Any CPU = Debug|Any CPU
		Release|Any CPU = Release|Any CPU
	EndGlobalSection
	GlobalSection(ProjectConfigurationPlatforms) = postSolution
		{80D44D35-FF81-44C2-9479-13BFDB00911D}.Debug|Any CPU.ActiveCfg = Debug|Any CPU
		{80D44D35-FF81-44C2-9479-13BFDB00911D}.Debug|Any CPU.Build.0 = Debug|Any CPU
		{80D44D35-FF81-44C2-9479-13BFDB00911D}.Release|Any CPU.ActiveCfg = Release|Any CPU
		{80D44D35-FF81-44C2-9479-13BFDB00911D}.Release|Any CPU.Build.0 = Release|Any CPU
		{1AF059F3-8466-4CD4-82B8-89D8DAF65E3B}.Debug|Any CPU.ActiveCfg = Debug|Any CPU
		{1AF059F3-8466-4CD4-82B8-89D8DAF65E3B}.Debug|Any CPU.Build.0 = Debug|Any CPU
		{1AF059F3-8466-4CD4-82B8-89D8DAF65E3B}.Release|Any CPU.ActiveCfg = Release|Any CPU
		{1AF059F3-8466-4CD4-82B8-89D8DAF65E3B}.Release|Any CPU.Build.0 = Release|Any CPU
		{9ABD09AB-816A-42BD-830B-052E9168C811}.Debug|Any CPU.ActiveCfg = Debug|Any CPU
		{9ABD09AB-816A-42BD-830B-052E9168C811}.Debug|Any CPU.Build.0 = Debug|Any CPU
		{9ABD09AB-816A-42BD-830B-052E9168C811}.Release|Any CPU.ActiveCfg = Release|Any CPU
		{9ABD09AB-816A-42BD-830B-052E9168C811}.Release|Any CPU.Build.0 = Release|Any CPU
		{39B964B8-6FB8-474E-9925-82EE0B60C34E}.Debug|Any CPU.ActiveCfg = Debug|Any CPU
		{39B964B8-6FB8-474E-9925-82EE0B60C34E}.Debug|Any CPU.Build.0 = Debug|Any CPU
		{39B964B8-6FB8-474E-9925-82EE0B60C34E}.Release|Any CPU.ActiveCfg = Release|Any CPU
		{39B964B8-6FB8-474E-9925-82EE0B60C34E}.Release|Any CPU.Build.0 = Release|Any CPU
	EndGlobalSection
	GlobalSection(SolutionProperties) = preSolution
		HideSolutionNode = FALSE
	EndGlobalSection
EndGlobal
